
Microsoft Visual Studio Solution File, Format Version 12.00
# Visual Studio 15
VisualStudioVersion = 15.0.28307.168
MinimumVisualStudioVersion = 10.0.40219.1
Project("{9A19103F-16F7-4668-BE54-9A1E7A4F7556}") = "lidlessWeb", "lidless-web\lidlessWeb.csproj", "{2D3DA4B7-8859-4385-847A-F447521BF775}"
EndProject
Project("{FAE04EC0-301F-11D3-BF4B-00C04F79EFBC}") = "WebAPi", "WebAPi\WebAPi.csproj", "{8FD59B39-7E98-4ACC-BD6E-5E6ECE0962EE}"
EndProject
Global
	GlobalSection(SolutionConfigurationPlatforms) = preSolution
		Debug|Any CPU = Debug|Any CPU
		Release|Any CPU = Release|Any CPU
	EndGlobalSection
	GlobalSection(ProjectConfigurationPlatforms) = postSolution
		{2D3DA4B7-8859-4385-847A-F447521BF775}.Debug|Any CPU.ActiveCfg = Debug|Any CPU
		{2D3DA4B7-8859-4385-847A-F447521BF775}.Debug|Any CPU.Build.0 = Debug|Any CPU
		{2D3DA4B7-8859-4385-847A-F447521BF775}.Release|Any CPU.ActiveCfg = Release|Any CPU
		{2D3DA4B7-8859-4385-847A-F447521BF775}.Release|Any CPU.Build.0 = Release|Any CPU
		{8FD59B39-7E98-4ACC-BD6E-5E6ECE0962EE}.Debug|Any CPU.ActiveCfg = Debug|Any CPU
		{8FD59B39-7E98-4ACC-BD6E-5E6ECE0962EE}.Debug|Any CPU.Build.0 = Debug|Any CPU
		{8FD59B39-7E98-4ACC-BD6E-5E6ECE0962EE}.Release|Any CPU.ActiveCfg = Release|Any CPU
		{8FD59B39-7E98-4ACC-BD6E-5E6ECE0962EE}.Release|Any CPU.Build.0 = Release|Any CPU
	EndGlobalSection
	GlobalSection(SolutionProperties) = preSolution
		HideSolutionNode = FALSE
	EndGlobalSection
	GlobalSection(ExtensibilityGlobals) = postSolution
		SolutionGuid = {F240FCF0-3850-4F46-A3D3-97AF84DDA5D9}
	EndGlobalSection
EndGlobal
